
Microsoft Visual Studio Solution File, Format Version 12.00
# Visual Studio Version 16
VisualStudioVersion = 16.0.29123.88
MinimumVisualStudioVersion = 10.0.40219.1
Project("{FAE04EC0-301F-11D3-BF4B-00C04F79EFBC}") = "NetCoreTest", "NetCoreTest\NetCoreTest.csproj", "{5A491FC1-29CC-45C6-992F-97478BADF0F0}"
EndProject
Global
	GlobalSection(SolutionConfigurationPlatforms) = preSolution
		Debug|Any CPU = Debug|Any CPU
		Release|Any CPU = Release|Any CPU
	EndGlobalSection
	GlobalSection(ProjectConfigurationPlatforms) = postSolution
		{5A491FC1-29CC-45C6-992F-97478BADF0F0}.Debug|Any CPU.ActiveCfg = Debug|Any CPU
		{5A491FC1-29CC-45C6-992F-97478BADF0F0}.Debug|Any CPU.Build.0 = Debug|Any CPU
		{5A491FC1-29CC-45C6-992F-97478BADF0F0}.Release|Any CPU.ActiveCfg = Release|Any CPU
		{5A491FC1-29CC-45C6-992F-97478BADF0F0}.Release|Any CPU.Build.0 = Release|Any CPU
	EndGlobalSection
	GlobalSection(SolutionProperties) = preSolution
		HideSolutionNode = FALSE
	EndGlobalSection
	GlobalSection(ExtensibilityGlobals) = postSolution
		SolutionGuid = {EAF349EB-FDD2-43E5-B605-BB05212E8783}
	EndGlobalSection
EndGlobal
